
Microsoft Visual Studio Solution File, Format Version 12.00
# Visual Studio 15
VisualStudioVersion = 15.0.28307.1000
MinimumVisualStudioVersion = 10.0.40219.1
Project("{FAE04EC0-301F-11D3-BF4B-00C04F79EFBC}") = "Shaji_section2Project", "Shaji_section2Project\Shaji_section2Project.csproj", "{35C22DE6-43D7-445D-8C4B-F6A11B78C458}"
EndProject
Global
	GlobalSection(SolutionConfigurationPlatforms) = preSolution
		Debug|Any CPU = Debug|Any CPU
		Release|Any CPU = Release|Any CPU
	EndGlobalSection
	GlobalSection(ProjectConfigurationPlatforms) = postSolution
		{35C22DE6-43D7-445D-8C4B-F6A11B78C458}.Debug|Any CPU.ActiveCfg = Debug|Any CPU
		{35C22DE6-43D7-445D-8C4B-F6A11B78C458}.Debug|Any CPU.Build.0 = Debug|Any CPU
		{35C22DE6-43D7-445D-8C4B-F6A11B78C458}.Release|Any CPU.ActiveCfg = Release|Any CPU
		{35C22DE6-43D7-445D-8C4B-F6A11B78C458}.Release|Any CPU.Build.0 = Release|Any CPU
	EndGlobalSection
	GlobalSection(SolutionProperties) = preSolution
		HideSolutionNode = FALSE
	EndGlobalSection
	GlobalSection(ExtensibilityGlobals) = postSolution
		SolutionGuid = {DC910C4E-0598-4108-AFC8-9AF847DDD265}
	EndGlobalSection
EndGlobal
